
Microsoft Visual Studio Solution File, Format Version 12.00
# Visual Studio 15
VisualStudioVersion = 15.0.26124.0
MinimumVisualStudioVersion = 15.0.26124.0
Project("{2150E333-8FDC-42A3-9474-1A3956D46DE8}") = "src", "src", "{B9185969-7467-4807-9A02-9DE69D80E23B}"
EndProject
Project("{FAE04EC0-301F-11D3-BF4B-00C04F79EFBC}") = "CommandAPI", "src\CommandAPI\CommandAPI.csproj", "{CC0BEDC5-674F-45BF-ACA8-753B6D343388}"
EndProject
Project("{2150E333-8FDC-42A3-9474-1A3956D46DE8}") = "test", "test", "{039C5151-8495-42A0-B64E-B2643BC883E0}"
EndProject
Project("{FAE04EC0-301F-11D3-BF4B-00C04F79EFBC}") = "CommandAPI.Tests", "test\CommandAPI.Tests\CommandAPI.Tests.csproj", "{3AFDB391-1A2F-43AC-B770-B4330779B9C8}"
EndProject
Global
	GlobalSection(SolutionConfigurationPlatforms) = preSolution
		Debug|Any CPU = Debug|Any CPU
		Debug|x64 = Debug|x64
		Debug|x86 = Debug|x86
		Release|Any CPU = Release|Any CPU
		Release|x64 = Release|x64
		Release|x86 = Release|x86
	EndGlobalSection
	GlobalSection(SolutionProperties) = preSolution
		HideSolutionNode = FALSE
	EndGlobalSection
	GlobalSection(ProjectConfigurationPlatforms) = postSolution
		{CC0BEDC5-674F-45BF-ACA8-753B6D343388}.Debug|Any CPU.ActiveCfg = Debug|Any CPU
		{CC0BEDC5-674F-45BF-ACA8-753B6D343388}.Debug|Any CPU.Build.0 = Debug|Any CPU
		{CC0BEDC5-674F-45BF-ACA8-753B6D343388}.Debug|x64.ActiveCfg = Debug|Any CPU
		{CC0BEDC5-674F-45BF-ACA8-753B6D343388}.Debug|x64.Build.0 = Debug|Any CPU
		{CC0BEDC5-674F-45BF-ACA8-753B6D343388}.Debug|x86.ActiveCfg = Debug|Any CPU
		{CC0BEDC5-674F-45BF-ACA8-753B6D343388}.Debug|x86.Build.0 = Debug|Any CPU
		{CC0BEDC5-674F-45BF-ACA8-753B6D343388}.Release|Any CPU.ActiveCfg = Release|Any CPU
		{CC0BEDC5-674F-45BF-ACA8-753B6D343388}.Release|Any CPU.Build.0 = Release|Any CPU
		{CC0BEDC5-674F-45BF-ACA8-753B6D343388}.Release|x64.ActiveCfg = Release|Any CPU
		{CC0BEDC5-674F-45BF-ACA8-753B6D343388}.Release|x64.Build.0 = Release|Any CPU
		{CC0BEDC5-674F-45BF-ACA8-753B6D343388}.Release|x86.ActiveCfg = Release|Any CPU
		{CC0BEDC5-674F-45BF-ACA8-753B6D343388}.Release|x86.Build.0 = Release|Any CPU
		{3AFDB391-1A2F-43AC-B770-B4330779B9C8}.Debug|Any CPU.ActiveCfg = Debug|Any CPU
		{3AFDB391-1A2F-43AC-B770-B4330779B9C8}.Debug|Any CPU.Build.0 = Debug|Any CPU
		{3AFDB391-1A2F-43AC-B770-B4330779B9C8}.Debug|x64.ActiveCfg = Debug|Any CPU
		{3AFDB391-1A2F-43AC-B770-B4330779B9C8}.Debug|x64.Build.0 = Debug|Any CPU
		{3AFDB391-1A2F-43AC-B770-B4330779B9C8}.Debug|x86.ActiveCfg = Debug|Any CPU
		{3AFDB391-1A2F-43AC-B770-B4330779B9C8}.Debug|x86.Build.0 = Debug|Any CPU
		{3AFDB391-1A2F-43AC-B770-B4330779B9C8}.Release|Any CPU.ActiveCfg = Release|Any CPU
		{3AFDB391-1A2F-43AC-B770-B4330779B9C8}.Release|Any CPU.Build.0 = Release|Any CPU
		{3AFDB391-1A2F-43AC-B770-B4330779B9C8}.Release|x64.ActiveCfg = Release|Any CPU
		{3AFDB391-1A2F-43AC-B770-B4330779B9C8}.Release|x64.Build.0 = Release|Any CPU
		{3AFDB391-1A2F-43AC-B770-B4330779B9C8}.Release|x86.ActiveCfg = Release|Any CPU
		{3AFDB391-1A2F-43AC-B770-B4330779B9C8}.Release|x86.Build.0 = Release|Any CPU
	EndGlobalSection
	GlobalSection(NestedProjects) = preSolution
		{CC0BEDC5-674F-45BF-ACA8-753B6D343388} = {B9185969-7467-4807-9A02-9DE69D80E23B}
		{3AFDB391-1A2F-43AC-B770-B4330779B9C8} = {039C5151-8495-42A0-B64E-B2643BC883E0}
	EndGlobalSection
EndGlobal
